
Microsoft Visual Studio Solution File, Format Version 12.00
# Visual Studio Version 17
VisualStudioVersion = 17.10.35122.118
MinimumVisualStudioVersion = 10.0.40219.1
Project("{FAE04EC0-301F-11D3-BF4B-00C04F79EFBC}") = "AsaePractica", "AsaePractica.csproj", "{6414C72C-BA93-41E6-BC61-1EF19E671C8E}"
EndProject
Global
	GlobalSection(SolutionConfigurationPlatforms) = preSolution
		Debug|Any CPU = Debug|Any CPU
		Release|Any CPU = Release|Any CPU
	EndGlobalSection
	GlobalSection(ProjectConfigurationPlatforms) = postSolution
		{6414C72C-BA93-41E6-BC61-1EF19E671C8E}.Debug|Any CPU.ActiveCfg = Debug|Any CPU
		{6414C72C-BA93-41E6-BC61-1EF19E671C8E}.Debug|Any CPU.Build.0 = Debug|Any CPU
		{6414C72C-BA93-41E6-BC61-1EF19E671C8E}.Release|Any CPU.ActiveCfg = Release|Any CPU
		{6414C72C-BA93-41E6-BC61-1EF19E671C8E}.Release|Any CPU.Build.0 = Release|Any CPU
	EndGlobalSection
	GlobalSection(SolutionProperties) = preSolution
		HideSolutionNode = FALSE
	EndGlobalSection
	GlobalSection(ExtensibilityGlobals) = postSolution
		SolutionGuid = {C6CC2F90-44D1-4CB1-829E-03BE1E3F4DF9}
	EndGlobalSection
EndGlobal
